
Microsoft Visual Studio Solution File, Format Version 12.00
# Visual Studio Version 17
VisualStudioVersion = 17.4.33213.308
MinimumVisualStudioVersion = 10.0.40219.1
Project("{FAE04EC0-301F-11D3-BF4B-00C04F79EFBC}") = "IpInfoService", "IpInfoService\IpInfoService.csproj", "{DB0290E4-F713-4F50-BA9A-B5332E4F00C8}"
EndProject
Global
	GlobalSection(SolutionConfigurationPlatforms) = preSolution
		Debug|Any CPU = Debug|Any CPU
		Release|Any CPU = Release|Any CPU
	EndGlobalSection
	GlobalSection(ProjectConfigurationPlatforms) = postSolution
		{DB0290E4-F713-4F50-BA9A-B5332E4F00C8}.Debug|Any CPU.ActiveCfg = Debug|Any CPU
		{DB0290E4-F713-4F50-BA9A-B5332E4F00C8}.Debug|Any CPU.Build.0 = Debug|Any CPU
		{DB0290E4-F713-4F50-BA9A-B5332E4F00C8}.Release|Any CPU.ActiveCfg = Release|Any CPU
		{DB0290E4-F713-4F50-BA9A-B5332E4F00C8}.Release|Any CPU.Build.0 = Release|Any CPU
	EndGlobalSection
	GlobalSection(SolutionProperties) = preSolution
		HideSolutionNode = FALSE
	EndGlobalSection
	GlobalSection(ExtensibilityGlobals) = postSolution
		SolutionGuid = {8BFA3A4E-CBB8-47F7-B765-CF01A2EA3111}
	EndGlobalSection
EndGlobal
